
Microsoft Visual Studio Solution File, Format Version 12.00
# Visual Studio Version 18
VisualStudioVersion = 18.7.11925.98
MinimumVisualStudioVersion = 10.0.40219.1
Project("{9A19103F-16F7-4668-BE54-9A1E7A4F7556}") = "SnakeGameEngine", "Snake\SnakeGameEngine.csproj", "{E1ABDAC6-95D1-4DAA-A82F-6C1CF13033D7}"
EndProject
Project("{2150E333-8FDC-42A3-9474-1A3956D46DE8}") = "Solution Items", "Solution Items", "{02C77D6D-F9E7-4985-9E91-45C9F9340EAA}"
	ProjectSection(SolutionItems) = preProject
		CONTRIBUTING.md = CONTRIBUTING.md
		ToDo.txt = ToDo.txt
	EndProjectSection
EndProject
Project("{2150E333-8FDC-42A3-9474-1A3956D46DE8}") = "Snake.Core", "Snake.Core", "{458F3509-23E5-91D4-C635-2E6DCA35E64A}"
EndProject
Project("{FAE04EC0-301F-11D3-BF4B-00C04F79EFBC}") = "SnakeGameEngine.Core", "Snake.Core\SnakeGameEngine.Core.csproj", "{18234D91-CD0B-4692-9137-20F29C0369FC}"
EndProject
Project("{FAE04EC0-301F-11D3-BF4B-00C04F79EFBC}") = "SnakeGameEngine.Maui", "Snake.Maui\SnakeGameEngine.Maui.csproj", "{0E1F5D29-7733-220B-F9EA-CC5C130628CD}"
EndProject
Global
	GlobalSection(SolutionConfigurationPlatforms) = preSolution
		Debug|Any CPU = Debug|Any CPU
		Debug|x64 = Debug|x64
		Debug|x86 = Debug|x86
		Release|Any CPU = Release|Any CPU
		Release|x64 = Release|x64
		Release|x86 = Release|x86
	EndGlobalSection
	GlobalSection(ProjectConfigurationPlatforms) = postSolution
		{E1ABDAC6-95D1-4DAA-A82F-6C1CF13033D7}.Debug|Any CPU.ActiveCfg = Debug|Any CPU
		{E1ABDAC6-95D1-4DAA-A82F-6C1CF13033D7}.Debug|Any CPU.Build.0 = Debug|Any CPU
		{E1ABDAC6-95D1-4DAA-A82F-6C1CF13033D7}.Debug|x64.ActiveCfg = Debug|Any CPU
		{E1ABDAC6-95D1-4DAA-A82F-6C1CF13033D7}.Debug|x64.Build.0 = Debug|Any CPU
		{E1ABDAC6-95D1-4DAA-A82F-6C1CF13033D7}.Debug|x86.ActiveCfg = Debug|Any CPU
		{E1ABDAC6-95D1-4DAA-A82F-6C1CF13033D7}.Debug|x86.Build.0 = Debug|Any CPU
		{E1ABDAC6-95D1-4DAA-A82F-6C1CF13033D7}.Release|Any CPU.ActiveCfg = Release|Any CPU
		{E1ABDAC6-95D1-4DAA-A82F-6C1CF13033D7}.Release|Any CPU.Build.0 = Release|Any CPU
		{E1ABDAC6-95D1-4DAA-A82F-6C1CF13033D7}.Release|x64.ActiveCfg = Release|Any CPU
		{E1ABDAC6-95D1-4DAA-A82F-6C1CF13033D7}.Release|x64.Build.0 = Release|Any CPU
		{E1ABDAC6-95D1-4DAA-A82F-6C1CF13033D7}.Release|x86.ActiveCfg = Release|Any CPU
		{E1ABDAC6-95D1-4DAA-A82F-6C1CF13033D7}.Release|x86.Build.0 = Release|Any CPU
		{18234D91-CD0B-4692-9137-20F29C0369FC}.Debug|Any CPU.ActiveCfg = Debug|Any CPU
		{18234D91-CD0B-4692-9137-20F29C0369FC}.Debug|Any CPU.Build.0 = Debug|Any CPU
		{18234D91-CD0B-4692-9137-20F29C0369FC}.Debug|x64.ActiveCfg = Debug|Any CPU
		{18234D91-CD0B-4692-9137-20F29C0369FC}.Debug|x64.Build.0 = Debug|Any CPU
		{18234D91-CD0B-4692-9137-20F29C0369FC}.Debug|x86.ActiveCfg = Debug|Any CPU
		{18234D91-CD0B-4692-9137-20F29C0369FC}.Debug|x86.Build.0 = Debug|Any CPU
		{18234D91-CD0B-4692-9137-20F29C0369FC}.Release|Any CPU.ActiveCfg = Release|Any CPU
		{18234D91-CD0B-4692-9137-20F29C0369FC}.Release|Any CPU.Build.0 = Release|Any CPU
		{18234D91-CD0B-4692-9137-20F29C0369FC}.Release|x64.ActiveCfg = Release|Any CPU
		{18234D91-CD0B-4692-9137-20F29C0369FC}.Release|x64.Build.0 = Release|Any CPU
		{18234D91-CD0B-4692-9137-20F29C0369FC}.Release|x86.ActiveCfg = Release|Any CPU
		{18234D91-CD0B-4692-9137-20F29C0369FC}.Release|x86.Build.0 = Release|Any CPU
		{0E1F5D29-7733-220B-F9EA-CC5C130628CD}.Debug|Any CPU.ActiveCfg = Debug|Any CPU
		{0E1F5D29-7733-220B-F9EA-CC5C130628CD}.Debug|Any CPU.Build.0 = Debug|Any CPU
		{0E1F5D29-7733-220B-F9EA-CC5C130628CD}.Debug|Any CPU.Deploy.0 = Debug|Any CPU
		{0E1F5D29-7733-220B-F9EA-CC5C130628CD}.Debug|x64.ActiveCfg = Debug|Any CPU
		{0E1F5D29-7733-220B-F9EA-CC5C130628CD}.Debug|x64.Build.0 = Debug|Any CPU
		{0E1F5D29-7733-220B-F9EA-CC5C130628CD}.Debug|x86.ActiveCfg = Debug|Any CPU
		{0E1F5D29-7733-220B-F9EA-CC5C130628CD}.Debug|x86.Build.0 = Debug|Any CPU
		{0E1F5D29-7733-220B-F9EA-CC5C130628CD}.Release|Any CPU.ActiveCfg = Release|Any CPU
		{0E1F5D29-7733-220B-F9EA-CC5C130628CD}.Release|Any CPU.Build.0 = Release|Any CPU
		{0E1F5D29-7733-220B-F9EA-CC5C130628CD}.Release|x64.ActiveCfg = Release|Any CPU
		{0E1F5D29-7733-220B-F9EA-CC5C130628CD}.Release|x64.Build.0 = Release|Any CPU
		{0E1F5D29-7733-220B-F9EA-CC5C130628CD}.Release|x86.ActiveCfg = Release|Any CPU
		{0E1F5D29-7733-220B-F9EA-CC5C130628CD}.Release|x86.Build.0 = Release|Any CPU
	EndGlobalSection
	GlobalSection(SolutionProperties) = preSolution
		HideSolutionNode = FALSE
	EndGlobalSection
	GlobalSection(NestedProjects) = preSolution
		{18234D91-CD0B-4692-9137-20F29C0369FC} = {458F3509-23E5-91D4-C635-2E6DCA35E64A}
	EndGlobalSection
	GlobalSection(ExtensibilityGlobals) = postSolution
		SolutionGuid = {93856AC8-6789-4899-B44D-2F94D22F57AF}
	EndGlobalSection
EndGlobal
