
Microsoft Visual Studio Solution File, Format Version 12.00
# Visual Studio Version 17
VisualStudioVersion = 17.1.32328.378
MinimumVisualStudioVersion = 10.0.40219.1
Project("{FAE04EC0-301F-11D3-BF4B-00C04F79EFBC}") = "Snake", "Snake\Snake.csproj", "{E1ABDAC6-95D1-4DAA-A82F-6C1CF13033D7}"
EndProject
Global
	GlobalSection(SolutionConfigurationPlatforms) = preSolution
		Debug|Any CPU = Debug|Any CPU
		Release|Any CPU = Release|Any CPU
	EndGlobalSection
	GlobalSection(ProjectConfigurationPlatforms) = postSolution
		{E1ABDAC6-95D1-4DAA-A82F-6C1CF13033D7}.Debug|Any CPU.ActiveCfg = Debug|Any CPU
		{E1ABDAC6-95D1-4DAA-A82F-6C1CF13033D7}.Debug|Any CPU.Build.0 = Debug|Any CPU
		{E1ABDAC6-95D1-4DAA-A82F-6C1CF13033D7}.Release|Any CPU.ActiveCfg = Release|Any CPU
		{E1ABDAC6-95D1-4DAA-A82F-6C1CF13033D7}.Release|Any CPU.Build.0 = Release|Any CPU
	EndGlobalSection
	GlobalSection(SolutionProperties) = preSolution
		HideSolutionNode = FALSE
	EndGlobalSection
	GlobalSection(ExtensibilityGlobals) = postSolution
		SolutionGuid = {93856AC8-6789-4899-B44D-2F94D22F57AF}
	EndGlobalSection
EndGlobal
